{
    "_readme": [
        "This file locks the dependencies of your project to a known state",
        "Read more about it at https://getcomposer.org/doc/01-basic-usage.md#composer-lock-the-lock-file",
        "This file is @generated automatically"
    ],
    "hash": "9978a990fd1c72e790fa2fde19c62f47",
    "content-hash": "3354d1a4f4ccabc9035d8b91c88b7d28",
    "packages": [
        {
            "name": "easyrdf/easyrdf",
            "version": "0.9.0",
            "source": {
                "type": "git",
                "url": "https://github.com/njh/easyrdf.git",
                "reference": "2f371b9447b7627e23b82cd31ade029659bb438c"
            },
            "dist": {
                "type": "zip",
                "url": "https://api.github.com/repos/njh/easyrdf/zipball/2f371b9447b7627e23b82cd31ade029659bb438c",
                "reference": "2f371b9447b7627e23b82cd31ade029659bb438c",
                "shasum": ""
            },
            "type": "library",
            "autoload": {
                "psr-0": {
                    "EasyRdf_": "./"
                }
            },
            "notification-url": "https://packagist.org/downloads/",
            "license": [
                "BSD"
            ],
            "description": "EasyRdf Lite is a customized version of EasyRdf",
            "homepage": "https://github.com/Wikidata/easyrdf_lite",
            "time": "2014-01-29 22:43:55"
        }
    ],
    "packages-dev": [],
    "aliases": [],
    "minimum-stability": "stable",
    "stability-flags": [],
    "prefer-stable": false,
    "prefer-lowest": false,
    "platform": [],
    "platform-dev": []
}
